// !$*UTF8*$!
{
	archiveVersion = 1;
	classes = {
	};
	objectVersion = 56;
	objects = {

/* Begin PBXBuildFile section */
		961A42CE2AAB49F4008A0ACE /* PokemonDetail.swift in Sources */ = {isa = PBXBuildFile; fileRef = 961A42CD2AAB49F4008A0ACE /* PokemonDetail.swift */; };
		961A42D02AAB4E7F008A0ACE /* SamplePokemon.swift in Sources */ = {isa = PBXBuildFile; fileRef = 961A42CF2AAB4E7F008A0ACE /* SamplePokemon.swift */; };
		961A42D22AAC8C47008A0ACE /* Pokemon+Ext.swift in Sources */ = {isa = PBXBuildFile; fileRef = 961A42D12AAC8C47008A0ACE /* Pokemon+Ext.swift */; };
		961A42D42AAC92A4008A0ACE /* Stats.swift in Sources */ = {isa = PBXBuildFile; fileRef = 961A42D32AAC92A4008A0ACE /* Stats.swift */; };
		961A42D62AACA908008A0ACE /* FetchedImage.swift in Sources */ = {isa = PBXBuildFile; fileRef = 961A42D52AACA908008A0ACE /* FetchedImage.swift */; };
		961A42E02AACB16E008A0ACE /* WidgetKit.framework in Frameworks */ = {isa = PBXBuildFile; fileRef = 961A42DF2AACB16D008A0ACE /* WidgetKit.framework */; };
		961A42E22AACB16E008A0ACE /* SwiftUI.framework in Frameworks */ = {isa = PBXBuildFile; fileRef = 961A42E12AACB16E008A0ACE /* SwiftUI.framework */; };
		961A42E52AACB16E008A0ACE /* Dex3WidgetBundle.swift in Sources */ = {isa = PBXBuildFile; fileRef = 961A42E42AACB16E008A0ACE /* Dex3WidgetBundle.swift */; };
		961A42E72AACB16E008A0ACE /* Dex3Widget.swift in Sources */ = {isa = PBXBuildFile; fileRef = 961A42E62AACB16E008A0ACE /* Dex3Widget.swift */; };
		961A42E92AACB174008A0ACE /* Assets.xcassets in Resources */ = {isa = PBXBuildFile; fileRef = 961A42E82AACB174008A0ACE /* Assets.xcassets */; };
		961A42ED2AACB174008A0ACE /* Dex3WidgetExtension.appex in Embed Foundation Extensions */ = {isa = PBXBuildFile; fileRef = 961A42DD2AACB16D008A0ACE /* Dex3WidgetExtension.appex */; settings = {ATTRIBUTES = (RemoveHeadersOnCopy, ); }; };
		961A42F22AACB1F0008A0ACE /* Assets.xcassets in Resources */ = {isa = PBXBuildFile; fileRef = 96304E812AA91B3200FDFEFA /* Assets.xcassets */; };
		961A42F32AACB222008A0ACE /* Dex3.xcdatamodeld in Sources */ = {isa = PBXBuildFile; fileRef = 96304E882AA91B3200FDFEFA /* Dex3.xcdatamodeld */; };
		961A42F42AACB22D008A0ACE /* Persistence.swift in Sources */ = {isa = PBXBuildFile; fileRef = 96304E862AA91B3200FDFEFA /* Persistence.swift */; };
		961A42F52AACB239008A0ACE /* SamplePokemon.swift in Sources */ = {isa = PBXBuildFile; fileRef = 961A42CF2AAB4E7F008A0ACE /* SamplePokemon.swift */; };
		961A42F62AACB23D008A0ACE /* FetchedImage.swift in Sources */ = {isa = PBXBuildFile; fileRef = 961A42D52AACA908008A0ACE /* FetchedImage.swift */; };
		961A42FA2AAD85D9008A0ACE /* WidgetPokemon.swift in Sources */ = {isa = PBXBuildFile; fileRef = 961A42D72AACACA4008A0ACE /* WidgetPokemon.swift */; };
		961A42FB2AAD866C008A0ACE /* WidgetPokemon.swift in Sources */ = {isa = PBXBuildFile; fileRef = 961A42D72AACACA4008A0ACE /* WidgetPokemon.swift */; };
		96304E7E2AA91B2C00FDFEFA /* Dex3App.swift in Sources */ = {isa = PBXBuildFile; fileRef = 96304E7D2AA91B2C00FDFEFA /* Dex3App.swift */; };
		96304E802AA91B2C00FDFEFA /* ContentView.swift in Sources */ = {isa = PBXBuildFile; fileRef = 96304E7F2AA91B2C00FDFEFA /* ContentView.swift */; };
		96304E822AA91B3200FDFEFA /* Assets.xcassets in Resources */ = {isa = PBXBuildFile; fileRef = 96304E812AA91B3200FDFEFA /* Assets.xcassets */; };
		96304E852AA91B3200FDFEFA /* Preview Assets.xcassets in Resources */ = {isa = PBXBuildFile; fileRef = 96304E842AA91B3200FDFEFA /* Preview Assets.xcassets */; };
		96304E872AA91B3200FDFEFA /* Persistence.swift in Sources */ = {isa = PBXBuildFile; fileRef = 96304E862AA91B3200FDFEFA /* Persistence.swift */; };
		96304E8A2AA91B3200FDFEFA /* Dex3.xcdatamodeld in Sources */ = {isa = PBXBuildFile; fileRef = 96304E882AA91B3200FDFEFA /* Dex3.xcdatamodeld */; };
		9669DE822AAB3ACE00E6AFEE /* TempPokemon.swift in Sources */ = {isa = PBXBuildFile; fileRef = 9669DE812AAB3ACE00E6AFEE /* TempPokemon.swift */; };
		9669DE862AAB3B1C00E6AFEE /* FetchController.swift in Sources */ = {isa = PBXBuildFile; fileRef = 9669DE852AAB3B1C00E6AFEE /* FetchController.swift */; };
		9669DE892AAB41F100E6AFEE /* PokemonViewModel.swift in Sources */ = {isa = PBXBuildFile; fileRef = 9669DE882AAB41F100E6AFEE /* PokemonViewModel.swift */; };
/* End PBXBuildFile section */

/* Begin PBXContainerItemProxy section */
		961A42EB2AACB174008A0ACE /* PBXContainerItemProxy */ = {
			isa = PBXContainerItemProxy;
			containerPortal = 96304E722AA91B2C00FDFEFA /* Project object */;
			proxyType = 1;
			remoteGlobalIDString = 961A42DC2AACB16D008A0ACE;
			remoteInfo = Dex3WidgetExtension;
		};
/* End PBXContainerItemProxy section */

/* Begin PBXCopyFilesBuildPhase section */
		961A42F12AACB174008A0ACE /* Embed Foundation Extensions */ = {
			isa = PBXCopyFilesBuildPhase;
			buildActionMask = 2147483647;
			dstPath = "";
			dstSubfolderSpec = 13;
			files = (
				961A42ED2AACB174008A0ACE /* Dex3WidgetExtension.appex in Embed Foundation Extensions */,
			);
			name = "Embed Foundation Extensions";
			runOnlyForDeploymentPostprocessing = 0;
		};
/* End PBXCopyFilesBuildPhase section */

/* Begin PBXFileReference section */
		961A42CD2AAB49F4008A0ACE /* PokemonDetail.swift */ = {isa = PBXFileReference; lastKnownFileType = sourcecode.swift; path = PokemonDetail.swift; sourceTree = "<group>"; };
		961A42CF2AAB4E7F008A0ACE /* SamplePokemon.swift */ = {isa = PBXFileReference; lastKnownFileType = sourcecode.swift; path = SamplePokemon.swift; sourceTree = "<group>"; };
		961A42D12AAC8C47008A0ACE /* Pokemon+Ext.swift */ = {isa = PBXFileReference; lastKnownFileType = sourcecode.swift; path = "Pokemon+Ext.swift"; sourceTree = "<group>"; };
		961A42D32AAC92A4008A0ACE /* Stats.swift */ = {isa = PBXFileReference; lastKnownFileType = sourcecode.swift; path = Stats.swift; sourceTree = "<group>"; };
		961A42D52AACA908008A0ACE /* FetchedImage.swift */ = {isa = PBXFileReference; lastKnownFileType = sourcecode.swift; path = FetchedImage.swift; sourceTree = "<group>"; };
		961A42D72AACACA4008A0ACE /* WidgetPokemon.swift */ = {isa = PBXFileReference; lastKnownFileType = sourcecode.swift; path = WidgetPokemon.swift; sourceTree = "<group>"; };
		961A42DD2AACB16D008A0ACE /* Dex3WidgetExtension.appex */ = {isa = PBXFileReference; explicitFileType = "wrapper.app-extension"; includeInIndex = 0; path = Dex3WidgetExtension.appex; sourceTree = BUILT_PRODUCTS_DIR; };
		961A42DF2AACB16D008A0ACE /* WidgetKit.framework */ = {isa = PBXFileReference; lastKnownFileType = wrapper.framework; name = WidgetKit.framework; path = System/Library/Frameworks/WidgetKit.framework; sourceTree = SDKROOT; };
		961A42E12AACB16E008A0ACE /* SwiftUI.framework */ = {isa = PBXFileReference; lastKnownFileType = wrapper.framework; name = SwiftUI.framework; path = System/Library/Frameworks/SwiftUI.framework; sourceTree = SDKROOT; };
		961A42E42AACB16E008A0ACE /* Dex3WidgetBundle.swift */ = {isa = PBXFileReference; lastKnownFileType = sourcecode.swift; path = Dex3WidgetBundle.swift; sourceTree = "<group>"; };
		961A42E62AACB16E008A0ACE /* Dex3Widget.swift */ = {isa = PBXFileReference; lastKnownFileType = sourcecode.swift; path = Dex3Widget.swift; sourceTree = "<group>"; };
		961A42E82AACB174008A0ACE /* Assets.xcassets */ = {isa = PBXFileReference; lastKnownFileType = folder.assetcatalog; path = Assets.xcassets; sourceTree = "<group>"; };
		961A42EA2AACB174008A0ACE /* Info.plist */ = {isa = PBXFileReference; lastKnownFileType = text.plist.xml; path = Info.plist; sourceTree = "<group>"; };
		961A42F82AAD7798008A0ACE /* Dex3.entitlements */ = {isa = PBXFileReference; lastKnownFileType = text.plist.entitlements; path = Dex3.entitlements; sourceTree = "<group>"; };
		961A42F92AAD77F6008A0ACE /* Dex3WidgetExtension.entitlements */ = {isa = PBXFileReference; lastKnownFileType = text.plist.entitlements; path = Dex3WidgetExtension.entitlements; sourceTree = "<group>"; };
		96304E7A2AA91B2C00FDFEFA /* Dex3.app */ = {isa = PBXFileReference; explicitFileType = wrapper.application; includeInIndex = 0; path = Dex3.app; sourceTree = BUILT_PRODUCTS_DIR; };
		96304E7D2AA91B2C00FDFEFA /* Dex3App.swift */ = {isa = PBXFileReference; lastKnownFileType = sourcecode.swift; path = Dex3App.swift; sourceTree = "<group>"; };
		96304E7F2AA91B2C00FDFEFA /* ContentView.swift */ = {isa = PBXFileReference; lastKnownFileType = sourcecode.swift; path = ContentView.swift; sourceTree = "<group>"; };
		96304E812AA91B3200FDFEFA /* Assets.xcassets */ = {isa = PBXFileReference; lastKnownFileType = folder.assetcatalog; path = Assets.xcassets; sourceTree = "<group>"; };
		96304E842AA91B3200FDFEFA /* Preview Assets.xcassets */ = {isa = PBXFileReference; lastKnownFileType = folder.assetcatalog; path = "Preview Assets.xcassets"; sourceTree = "<group>"; };
		96304E862AA91B3200FDFEFA /* Persistence.swift */ = {isa = PBXFileReference; lastKnownFileType = sourcecode.swift; path = Persistence.swift; sourceTree = "<group>"; };
		96304E892AA91B3200FDFEFA /* Dex3.xcdatamodel */ = {isa = PBXFileReference; lastKnownFileType = wrapper.xcdatamodel; path = Dex3.xcdatamodel; sourceTree = "<group>"; };
		9669DE812AAB3ACE00E6AFEE /* TempPokemon.swift */ = {isa = PBXFileReference; lastKnownFileType = sourcecode.swift; path = TempPokemon.swift; sourceTree = "<group>"; };
		9669DE852AAB3B1C00E6AFEE /* FetchController.swift */ = {isa = PBXFileReference; lastKnownFileType = sourcecode.swift; path = FetchController.swift; sourceTree = "<group>"; };
		9669DE882AAB41F100E6AFEE /* PokemonViewModel.swift */ = {isa = PBXFileReference; lastKnownFileType = sourcecode.swift; path = PokemonViewModel.swift; sourceTree = "<group>"; };
/* End PBXFileReference section */

/* Begin PBXFrameworksBuildPhase section */
		961A42DA2AACB16D008A0ACE /* Frameworks */ = {
			isa = PBXFrameworksBuildPhase;
			buildActionMask = 2147483647;
			files = (
				961A42E22AACB16E008A0ACE /* SwiftUI.framework in Frameworks */,
				961A42E02AACB16E008A0ACE /* WidgetKit.framework in Frameworks */,
			);
			runOnlyForDeploymentPostprocessing = 0;
		};
		96304E772AA91B2C00FDFEFA /* Frameworks */ = {
			isa = PBXFrameworksBuildPhase;
			buildActionMask = 2147483647;
			files = (
			);
			runOnlyForDeploymentPostprocessing = 0;
		};
/* End PBXFrameworksBuildPhase section */

/* Begin PBXGroup section */
		961A42DE2AACB16D008A0ACE /* Frameworks */ = {
			isa = PBXGroup;
			children = (
				961A42DF2AACB16D008A0ACE /* WidgetKit.framework */,
				961A42E12AACB16E008A0ACE /* SwiftUI.framework */,
			);
			name = Frameworks;
			sourceTree = "<group>";
		};
		961A42E32AACB16E008A0ACE /* Dex3Widget */ = {
			isa = PBXGroup;
			children = (
				961A42F92AAD77F6008A0ACE /* Dex3WidgetExtension.entitlements */,
				961A42E42AACB16E008A0ACE /* Dex3WidgetBundle.swift */,
				961A42E62AACB16E008A0ACE /* Dex3Widget.swift */,
				961A42E82AACB174008A0ACE /* Assets.xcassets */,
				961A42EA2AACB174008A0ACE /* Info.plist */,
			);
			path = Dex3Widget;
			sourceTree = "<group>";
		};
		96304E712AA91B2C00FDFEFA = {
			isa = PBXGroup;
			children = (
				96304E7C2AA91B2C00FDFEFA /* Dex3 */,
				961A42E32AACB16E008A0ACE /* Dex3Widget */,
				961A42DE2AACB16D008A0ACE /* Frameworks */,
				96304E7B2AA91B2C00FDFEFA /* Products */,
			);
			sourceTree = "<group>";
		};
		96304E7B2AA91B2C00FDFEFA /* Products */ = {
			isa = PBXGroup;
			children = (
				96304E7A2AA91B2C00FDFEFA /* Dex3.app */,
				961A42DD2AACB16D008A0ACE /* Dex3WidgetExtension.appex */,
			);
			name = Products;
			sourceTree = "<group>";
		};
		96304E7C2AA91B2C00FDFEFA /* Dex3 */ = {
			isa = PBXGroup;
			children = (
				961A42F82AAD7798008A0ACE /* Dex3.entitlements */,
				9669DE872AAB41E200E6AFEE /* viewmodel */,
				9669DE842AAB3B0B00E6AFEE /* controllers */,
				9669DE802AAB3ABC00E6AFEE /* models */,
				96304E7D2AA91B2C00FDFEFA /* Dex3App.swift */,
				9669DE832AAB3B0400E6AFEE /* views */,
				96304E812AA91B3200FDFEFA /* Assets.xcassets */,
				96304E862AA91B3200FDFEFA /* Persistence.swift */,
				96304E882AA91B3200FDFEFA /* Dex3.xcdatamodeld */,
				96304E832AA91B3200FDFEFA /* Preview Content */,
				961A42CF2AAB4E7F008A0ACE /* SamplePokemon.swift */,
			);
			path = Dex3;
			sourceTree = "<group>";
		};
		96304E832AA91B3200FDFEFA /* Preview Content */ = {
			isa = PBXGroup;
			children = (
				96304E842AA91B3200FDFEFA /* Preview Assets.xcassets */,
			);
			path = "Preview Content";
			sourceTree = "<group>";
		};
		9669DE802AAB3ABC00E6AFEE /* models */ = {
			isa = PBXGroup;
			children = (
				9669DE812AAB3ACE00E6AFEE /* TempPokemon.swift */,
				961A42D12AAC8C47008A0ACE /* Pokemon+Ext.swift */,
			);
			path = models;
			sourceTree = "<group>";
		};
		9669DE832AAB3B0400E6AFEE /* views */ = {
			isa = PBXGroup;
			children = (
				96304E7F2AA91B2C00FDFEFA /* ContentView.swift */,
				961A42CD2AAB49F4008A0ACE /* PokemonDetail.swift */,
				961A42D32AAC92A4008A0ACE /* Stats.swift */,
				961A42D52AACA908008A0ACE /* FetchedImage.swift */,
				961A42D72AACACA4008A0ACE /* WidgetPokemon.swift */,
			);
			path = views;
			sourceTree = "<group>";
		};
		9669DE842AAB3B0B00E6AFEE /* controllers */ = {
			isa = PBXGroup;
			children = (
				9669DE852AAB3B1C00E6AFEE /* FetchController.swift */,
			);
			path = controllers;
			sourceTree = "<group>";
		};
		9669DE872AAB41E200E6AFEE /* viewmodel */ = {
			isa = PBXGroup;
			children = (
				9669DE882AAB41F100E6AFEE /* PokemonViewModel.swift */,
			);
			path = viewmodel;
			sourceTree = "<group>";
		};
/* End PBXGroup section */

/* Begin PBXNativeTarget section */
		961A42DC2AACB16D008A0ACE /* Dex3WidgetExtension */ = {
			isa = PBXNativeTarget;
			buildConfigurationList = 961A42EE2AACB174008A0ACE /* Build configuration list for PBXNativeTarget "Dex3WidgetExtension" */;
			buildPhases = (
				961A42D92AACB16D008A0ACE /* Sources */,
				961A42DA2AACB16D008A0ACE /* Frameworks */,
				961A42DB2AACB16D008A0ACE /* Resources */,
			);
			buildRules = (
			);
			dependencies = (
			);
			name = Dex3WidgetExtension;
			productName = Dex3WidgetExtension;
			productReference = 961A42DD2AACB16D008A0ACE /* Dex3WidgetExtension.appex */;
			productType = "com.apple.product-type.app-extension";
		};
		96304E792AA91B2C00FDFEFA /* Dex3 */ = {
			isa = PBXNativeTarget;
			buildConfigurationList = 96304E8D2AA91B3200FDFEFA /* Build configuration list for PBXNativeTarget "Dex3" */;
			buildPhases = (
				96304E762AA91B2C00FDFEFA /* Sources */,
				96304E772AA91B2C00FDFEFA /* Frameworks */,
				96304E782AA91B2C00FDFEFA /* Resources */,
				961A42F12AACB174008A0ACE /* Embed Foundation Extensions */,
			);
			buildRules = (
			);
			dependencies = (
				961A42EC2AACB174008A0ACE /* PBXTargetDependency */,
			);
			name = Dex3;
			productName = Dex3;
			productReference = 96304E7A2AA91B2C00FDFEFA /* Dex3.app */;
			productType = "com.apple.product-type.application";
		};
/* End PBXNativeTarget section */

/* Begin PBXProject section */
		96304E722AA91B2C00FDFEFA /* Project object */ = {
			isa = PBXProject;
			attributes = {
				BuildIndependentTargetsInParallel = 1;
				LastSwiftUpdateCheck = 1500;
				LastUpgradeCheck = 1500;
				TargetAttributes = {
					961A42DC2AACB16D008A0ACE = {
						CreatedOnToolsVersion = 15.0;
					};
					96304E792AA91B2C00FDFEFA = {
						CreatedOnToolsVersion = 15.0;
					};
				};
			};
			buildConfigurationList = 96304E752AA91B2C00FDFEFA /* Build configuration list for PBXProject "Dex3" */;
			compatibilityVersion = "Xcode 14.0";
			developmentRegion = en;
			hasScannedForEncodings = 0;
			knownRegions = (
				en,
				Base,
			);
			mainGroup = 96304E712AA91B2C00FDFEFA;
			productRefGroup = 96304E7B2AA91B2C00FDFEFA /* Products */;
			projectDirPath = "";
			projectRoot = "";
			targets = (
				96304E792AA91B2C00FDFEFA /* Dex3 */,
				961A42DC2AACB16D008A0ACE /* Dex3WidgetExtension */,
			);
		};
/* End PBXProject section */

/* Begin PBXResourcesBuildPhase section */
		961A42DB2AACB16D008A0ACE /* Resources */ = {
			isa = PBXResourcesBuildPhase;
			buildActionMask = 2147483647;
			files = (
				961A42F22AACB1F0008A0ACE /* Assets.xcassets in Resources */,
				961A42E92AACB174008A0ACE /* Assets.xcassets in Resources */,
			);
			runOnlyForDeploymentPostprocessing = 0;
		};
		96304E782AA91B2C00FDFEFA /* Resources */ = {
			isa = PBXResourcesBuildPhase;
			buildActionMask = 2147483647;
			files = (
				96304E852AA91B3200FDFEFA /* Preview Assets.xcassets in Resources */,
				96304E822AA91B3200FDFEFA /* Assets.xcassets in Resources */,
			);
			runOnlyForDeploymentPostprocessing = 0;
		};
/* End PBXResourcesBuildPhase section */

/* Begin PBXSourcesBuildPhase section */
		961A42D92AACB16D008A0ACE /* Sources */ = {
			isa = PBXSourcesBuildPhase;
			buildActionMask = 2147483647;
			files = (
				961A42E52AACB16E008A0ACE /* Dex3WidgetBundle.swift in Sources */,
				961A42F42AACB22D008A0ACE /* Persistence.swift in Sources */,
				961A42F52AACB239008A0ACE /* SamplePokemon.swift in Sources */,
				961A42F32AACB222008A0ACE /* Dex3.xcdatamodeld in Sources */,
				961A42E72AACB16E008A0ACE /* Dex3Widget.swift in Sources */,
				961A42FB2AAD866C008A0ACE /* WidgetPokemon.swift in Sources */,
				961A42F62AACB23D008A0ACE /* FetchedImage.swift in Sources */,
			);
			runOnlyForDeploymentPostprocessing = 0;
		};
		96304E762AA91B2C00FDFEFA /* Sources */ = {
			isa = PBXSourcesBuildPhase;
			buildActionMask = 2147483647;
			files = (
				96304E872AA91B3200FDFEFA /* Persistence.swift in Sources */,
				961A42D42AAC92A4008A0ACE /* Stats.swift in Sources */,
				96304E8A2AA91B3200FDFEFA /* Dex3.xcdatamodeld in Sources */,
				961A42CE2AAB49F4008A0ACE /* PokemonDetail.swift in Sources */,
				961A42FA2AAD85D9008A0ACE /* WidgetPokemon.swift in Sources */,
				961A42D22AAC8C47008A0ACE /* Pokemon+Ext.swift in Sources */,
				9669DE862AAB3B1C00E6AFEE /* FetchController.swift in Sources */,
				961A42D02AAB4E7F008A0ACE /* SamplePokemon.swift in Sources */,
				9669DE892AAB41F100E6AFEE /* PokemonViewModel.swift in Sources */,
				9669DE822AAB3ACE00E6AFEE /* TempPokemon.swift in Sources */,
				96304E802AA91B2C00FDFEFA /* ContentView.swift in Sources */,
				96304E7E2AA91B2C00FDFEFA /* Dex3App.swift in Sources */,
				961A42D62AACA908008A0ACE /* FetchedImage.swift in Sources */,
			);
			runOnlyForDeploymentPostprocessing = 0;
		};
/* End PBXSourcesBuildPhase section */

/* Begin PBXTargetDependency section */
		961A42EC2AACB174008A0ACE /* PBXTargetDependency */ = {
			isa = PBXTargetDependency;
			target = 961A42DC2AACB16D008A0ACE /* Dex3WidgetExtension */;
			targetProxy = 961A42EB2AACB174008A0ACE /* PBXContainerItemProxy */;
		};
/* End PBXTargetDependency section */

/* Begin XCBuildConfiguration section */
		961A42EF2AACB174008A0ACE /* Debug */ = {
			isa = XCBuildConfiguration;
			buildSettings = {
				ASSETCATALOG_COMPILER_GLOBAL_ACCENT_COLOR_NAME = AccentColor;
				ASSETCATALOG_COMPILER_WIDGET_BACKGROUND_COLOR_NAME = WidgetBackground;
				CODE_SIGN_ENTITLEMENTS = Dex3Widget/Dex3WidgetExtension.entitlements;
				CODE_SIGN_STYLE = Automatic;
				CURRENT_PROJECT_VERSION = 1;
				DEVELOPMENT_TEAM = 64GU32RAV4;
				GENERATE_INFOPLIST_FILE = YES;
				INFOPLIST_FILE = Dex3Widget/Info.plist;
				INFOPLIST_KEY_CFBundleDisplayName = Dex3Widget;
				INFOPLIST_KEY_NSHumanReadableCopyright = "";
				LD_RUNPATH_SEARCH_PATHS = (
					"$(inherited)",
					"@executable_path/Frameworks",
					"@executable_path/../../Frameworks",
				);
				MARKETING_VERSION = 1.0;
				PRODUCT_BUNDLE_IDENTIFIER = ca.jgdesigns.Dex3.Dex3Widget;
				PRODUCT_NAME = "$(TARGET_NAME)";
				SKIP_INSTALL = YES;
				SWIFT_EMIT_LOC_STRINGS = YES;
				SWIFT_VERSION = 5.0;
				TARGETED_DEVICE_FAMILY = "1,2";
			};
			name = Debug;
		};
		961A42F02AACB174008A0ACE /* Release */ = {
			isa = XCBuildConfiguration;
			buildSettings = {
				ASSETCATALOG_COMPILER_GLOBAL_ACCENT_COLOR_NAME = AccentColor;
				ASSETCATALOG_COMPILER_WIDGET_BACKGROUND_COLOR_NAME = WidgetBackground;
				CODE_SIGN_ENTITLEMENTS = Dex3Widget/Dex3WidgetExtension.entitlements;
				CODE_SIGN_STYLE = Automatic;
				CURRENT_PROJECT_VERSION = 1;
				DEVELOPMENT_TEAM = 64GU32RAV4;
				GENERATE_INFOPLIST_FILE = YES;
				INFOPLIST_FILE = Dex3Widget/Info.plist;
				INFOPLIST_KEY_CFBundleDisplayName = Dex3Widget;
				INFOPLIST_KEY_NSHumanReadableCopyright = "";
				LD_RUNPATH_SEARCH_PATHS = (
					"$(inherited)",
					"@executable_path/Frameworks",
					"@executable_path/../../Frameworks",
				);
				MARKETING_VERSION = 1.0;
				PRODUCT_BUNDLE_IDENTIFIER = ca.jgdesigns.Dex3.Dex3Widget;
				PRODUCT_NAME = "$(TARGET_NAME)";
				SKIP_INSTALL = YES;
				SWIFT_EMIT_LOC_STRINGS = YES;
				SWIFT_VERSION = 5.0;
				TARGETED_DEVICE_FAMILY = "1,2";
			};
			name = Release;
		};
		96304E8B2AA91B3200FDFEFA /* Debug */ = {
			isa = XCBuildConfiguration;
			buildSettings = {
				ALWAYS_SEARCH_USER_PATHS = NO;
				ASSETCATALOG_COMPILER_GENERATE_SWIFT_ASSET_SYMBOL_EXTENSIONS = YES;
				CLANG_ANALYZER_NONNULL = YES;
				CLANG_ANALYZER_NUMBER_OBJECT_CONVERSION = YES_AGGRESSIVE;
				CLANG_CXX_LANGUAGE_STANDARD = "gnu++20";
				CLANG_ENABLE_MODULES = YES;
				CLANG_ENABLE_OBJC_ARC = YES;
				CLANG_ENABLE_OBJC_WEAK = YES;
				CLANG_WARN_BLOCK_CAPTURE_AUTORELEASING = YES;
				CLANG_WARN_BOOL_CONVERSION = YES;
				CLANG_WARN_COMMA = YES;
				CLANG_WARN_CONSTANT_CONVERSION = YES;
				CLANG_WARN_DEPRECATED_OBJC_IMPLEMENTATIONS = YES;
				CLANG_WARN_DIRECT_OBJC_ISA_USAGE = YES_ERROR;
				CLANG_WARN_DOCUMENTATION_COMMENTS = YES;
				CLANG_WARN_EMPTY_BODY = YES;
				CLANG_WARN_ENUM_CONVERSION = YES;
				CLANG_WARN_INFINITE_RECURSION = YES;
				CLANG_WARN_INT_CONVERSION = YES;
				CLANG_WARN_NON_LITERAL_NULL_CONVERSION = YES;
				CLANG_WARN_OBJC_IMPLICIT_RETAIN_SELF = YES;
				CLANG_WARN_OBJC_LITERAL_CONVERSION = YES;
				CLANG_WARN_OBJC_ROOT_CLASS = YES_ERROR;
				CLANG_WARN_QUOTED_INCLUDE_IN_FRAMEWORK_HEADER = YES;
				CLANG_WARN_RANGE_LOOP_ANALYSIS = YES;
				CLANG_WARN_STRICT_PROTOTYPES = YES;
				CLANG_WARN_SUSPICIOUS_MOVE = YES;
				CLANG_WARN_UNGUARDED_AVAILABILITY = YES_AGGRESSIVE;
				CLANG_WARN_UNREACHABLE_CODE = YES;
				CLANG_WARN__DUPLICATE_METHOD_MATCH = YES;
				COPY_PHASE_STRIP = NO;
				DEBUG_INFORMATION_FORMAT = dwarf;
				ENABLE_STRICT_OBJC_MSGSEND = YES;
				ENABLE_TESTABILITY = YES;
				ENABLE_USER_SCRIPT_SANDBOXING = YES;
				GCC_C_LANGUAGE_STANDARD = gnu17;
				GCC_DYNAMIC_NO_PIC = NO;
				GCC_NO_COMMON_BLOCKS = YES;
				GCC_OPTIMIZATION_LEVEL = 0;
				GCC_PREPROCESSOR_DEFINITIONS = (
					"DEBUG=1",
					"$(inherited)",
				);
				GCC_WARN_64_TO_32_BIT_CONVERSION = YES;
				GCC_WARN_ABOUT_RETURN_TYPE = YES_ERROR;
				GCC_WARN_UNDECLARED_SELECTOR = YES;
				GCC_WARN_UNINITIALIZED_AUTOS = YES_AGGRESSIVE;
				GCC_WARN_UNUSED_FUNCTION = YES;
				GCC_WARN_UNUSED_VARIABLE = YES;
				IPHONEOS_DEPLOYMENT_TARGET = 17.0;
				LOCALIZATION_PREFERS_STRING_CATALOGS = YES;
				MTL_ENABLE_DEBUG_INFO = INCLUDE_SOURCE;
				MTL_FAST_MATH = YES;
				ONLY_ACTIVE_ARCH = YES;
				SDKROOT = iphoneos;
				SWIFT_ACTIVE_COMPILATION_CONDITIONS = "DEBUG $(inherited)";
				SWIFT_OPTIMIZATION_LEVEL = "-Onone";
			};
			name = Debug;
		};
		96304E8C2AA91B3200FDFEFA /* Release */ = {
			isa = XCBuildConfiguration;
			buildSettings = {
				ALWAYS_SEARCH_USER_PATHS = NO;
				ASSETCATALOG_COMPILER_GENERATE_SWIFT_ASSET_SYMBOL_EXTENSIONS = YES;
				CLANG_ANALYZER_NONNULL = YES;
				CLANG_ANALYZER_NUMBER_OBJECT_CONVERSION = YES_AGGRESSIVE;
				CLANG_CXX_LANGUAGE_STANDARD = "gnu++20";
				CLANG_ENABLE_MODULES = YES;
				CLANG_ENABLE_OBJC_ARC = YES;
				CLANG_ENABLE_OBJC_WEAK = YES;
				CLANG_WARN_BLOCK_CAPTURE_AUTORELEASING = YES;
				CLANG_WARN_BOOL_CONVERSION = YES;
				CLANG_WARN_COMMA = YES;
				CLANG_WARN_CONSTANT_CONVERSION = YES;
				CLANG_WARN_DEPRECATED_OBJC_IMPLEMENTATIONS = YES;
				CLANG_WARN_DIRECT_OBJC_ISA_USAGE = YES_ERROR;
				CLANG_WARN_DOCUMENTATION_COMMENTS = YES;
				CLANG_WARN_EMPTY_BODY = YES;
				CLANG_WARN_ENUM_CONVERSION = YES;
				CLANG_WARN_INFINITE_RECURSION = YES;
				CLANG_WARN_INT_CONVERSION = YES;
				CLANG_WARN_NON_LITERAL_NULL_CONVERSION = YES;
				CLANG_WARN_OBJC_IMPLICIT_RETAIN_SELF = YES;
				CLANG_WARN_OBJC_LITERAL_CONVERSION = YES;
				CLANG_WARN_OBJC_ROOT_CLASS = YES_ERROR;
				CLANG_WARN_QUOTED_INCLUDE_IN_FRAMEWORK_HEADER = YES;
				CLANG_WARN_RANGE_LOOP_ANALYSIS = YES;
				CLANG_WARN_STRICT_PROTOTYPES = YES;
				CLANG_WARN_SUSPICIOUS_MOVE = YES;
				CLANG_WARN_UNGUARDED_AVAILABILITY = YES_AGGRESSIVE;
				CLANG_WARN_UNREACHABLE_CODE = YES;
				CLANG_WARN__DUPLICATE_METHOD_MATCH = YES;
				COPY_PHASE_STRIP = NO;
				DEBUG_INFORMATION_FORMAT = "dwarf-with-dsym";
				ENABLE_NS_ASSERTIONS = NO;
				ENABLE_STRICT_OBJC_MSGSEND = YES;
				ENABLE_USER_SCRIPT_SANDBOXING = YES;
				GCC_C_LANGUAGE_STANDARD = gnu17;
				GCC_NO_COMMON_BLOCKS = YES;
				GCC_WARN_64_TO_32_BIT_CONVERSION = YES;
				GCC_WARN_ABOUT_RETURN_TYPE = YES_ERROR;
				GCC_WARN_UNDECLARED_SELECTOR = YES;
				GCC_WARN_UNINITIALIZED_AUTOS = YES_AGGRESSIVE;
				GCC_WARN_UNUSED_FUNCTION = YES;
				GCC_WARN_UNUSED_VARIABLE = YES;
				IPHONEOS_DEPLOYMENT_TARGET = 17.0;
				LOCALIZATION_PREFERS_STRING_CATALOGS = YES;
				MTL_ENABLE_DEBUG_INFO = NO;
				MTL_FAST_MATH = YES;
				SDKROOT = iphoneos;
				SWIFT_COMPILATION_MODE = wholemodule;
				VALIDATE_PRODUCT = YES;
			};
			name = Release;
		};
		96304E8E2AA91B3200FDFEFA /* Debug */ = {
			isa = XCBuildConfiguration;
			buildSettings = {
				ALWAYS_EMBED_SWIFT_STANDARD_LIBRARIES = YES;
				ASSETCATALOG_COMPILER_APPICON_NAME = AppIcon;
				ASSETCATALOG_COMPILER_GLOBAL_ACCENT_COLOR_NAME = AccentColor;
				CODE_SIGN_ENTITLEMENTS = Dex3/Dex3.entitlements;
				CODE_SIGN_STYLE = Automatic;
				CURRENT_PROJECT_VERSION = 1;
				DEVELOPMENT_ASSET_PATHS = "\"Dex3/Preview Content\"";
				DEVELOPMENT_TEAM = 64GU32RAV4;
				ENABLE_PREVIEWS = YES;
				GENERATE_INFOPLIST_FILE = YES;
				INFOPLIST_KEY_UIApplicationSceneManifest_Generation = YES;
				INFOPLIST_KEY_UIApplicationSupportsIndirectInputEvents = YES;
				INFOPLIST_KEY_UILaunchScreen_Generation = YES;
				INFOPLIST_KEY_UISupportedInterfaceOrientations_iPad = "UIInterfaceOrientationPortrait UIInterfaceOrientationPortraitUpsideDown UIInterfaceOrientationLandscapeLeft UIInterfaceOrientationLandscapeRight";
				INFOPLIST_KEY_UISupportedInterfaceOrientations_iPhone = "UIInterfaceOrientationPortrait UIInterfaceOrientationLandscapeLeft UIInterfaceOrientationLandscapeRight";
				LD_RUNPATH_SEARCH_PATHS = (
					"$(inherited)",
					"@executable_path/Frameworks",
				);
				MARKETING_VERSION = 1.0;
				PRODUCT_BUNDLE_IDENTIFIER = ca.jgdesigns.Dex3;
				PRODUCT_NAME = "$(TARGET_NAME)";
				SWIFT_EMIT_LOC_STRINGS = YES;
				SWIFT_VERSION = 5.0;
				TARGETED_DEVICE_FAMILY = "1,2";
			};
			name = Debug;
		};
		96304E8F2AA91B3200FDFEFA /* Release */ = {
			isa = XCBuildConfiguration;
			buildSettings = {
				ALWAYS_EMBED_SWIFT_STANDARD_LIBRARIES = YES;
				ASSETCATALOG_COMPILER_APPICON_NAME = AppIcon;
				ASSETCATALOG_COMPILER_GLOBAL_ACCENT_COLOR_NAME = AccentColor;
				CODE_SIGN_ENTITLEMENTS = Dex3/Dex3.entitlements;
				CODE_SIGN_STYLE = Automatic;
				CURRENT_PROJECT_VERSION = 1;
				DEVELOPMENT_ASSET_PATHS = "\"Dex3/Preview Content\"";
				DEVELOPMENT_TEAM = 64GU32RAV4;
				ENABLE_PREVIEWS = YES;
				GENERATE_INFOPLIST_FILE = YES;
				INFOPLIST_KEY_UIApplicationSceneManifest_Generation = YES;
				INFOPLIST_KEY_UIApplicationSupportsIndirectInputEvents = YES;
				INFOPLIST_KEY_UILaunchScreen_Generation = YES;
				INFOPLIST_KEY_UISupportedInterfaceOrientations_iPad = "UIInterfaceOrientationPortrait UIInterfaceOrientationPortraitUpsideDown UIInterfaceOrientationLandscapeLeft UIInterfaceOrientationLandscapeRight";
				INFOPLIST_KEY_UISupportedInterfaceOrientations_iPhone = "UIInterfaceOrientationPortrait UIInterfaceOrientationLandscapeLeft UIInterfaceOrientationLandscapeRight";
				LD_RUNPATH_SEARCH_PATHS = (
					"$(inherited)",
					"@executable_path/Frameworks",
				);
				MARKETING_VERSION = 1.0;
				PRODUCT_BUNDLE_IDENTIFIER = ca.jgdesigns.Dex3;
				PRODUCT_NAME = "$(TARGET_NAME)";
				SWIFT_EMIT_LOC_STRINGS = YES;
				SWIFT_VERSION = 5.0;
				TARGETED_DEVICE_FAMILY = "1,2";
			};
			name = Release;
		};
/* End XCBuildConfiguration section */

/* Begin XCConfigurationList section */
		961A42EE2AACB174008A0ACE /* Build configuration list for PBXNativeTarget "Dex3WidgetExtension" */ = {
			isa = XCConfigurationList;
			buildConfigurations = (
				961A42EF2AACB174008A0ACE /* Debug */,
				961A42F02AACB174008A0ACE /* Release */,
			);
			defaultConfigurationIsVisible = 0;
			defaultConfigurationName = Release;
		};
		96304E752AA91B2C00FDFEFA /* Build configuration list for PBXProject "Dex3" */ = {
			isa = XCConfigurationList;
			buildConfigurations = (
				96304E8B2AA91B3200FDFEFA /* Debug */,
				96304E8C2AA91B3200FDFEFA /* Release */,
			);
			defaultConfigurationIsVisible = 0;
			defaultConfigurationName = Release;
		};
		96304E8D2AA91B3200FDFEFA /* Build configuration list for PBXNativeTarget "Dex3" */ = {
			isa = XCConfigurationList;
			buildConfigurations = (
				96304E8E2AA91B3200FDFEFA /* Debug */,
				96304E8F2AA91B3200FDFEFA /* Release */,
			);
			defaultConfigurationIsVisible = 0;
			defaultConfigurationName = Release;
		};
/* End XCConfigurationList section */

/* Begin XCVersionGroup section */
		96304E882AA91B3200FDFEFA /* Dex3.xcdatamodeld */ = {
			isa = XCVersionGroup;
			children = (
				96304E892AA91B3200FDFEFA /* Dex3.xcdatamodel */,
			);
			currentVersion = 96304E892AA91B3200FDFEFA /* Dex3.xcdatamodel */;
			path = Dex3.xcdatamodeld;
			sourceTree = "<group>";
			versionGroupType = wrapper.xcdatamodel;
		};
/* End XCVersionGroup section */
	};
	rootObject = 96304E722AA91B2C00FDFEFA /* Project object */;
}
